
Microsoft Visual Studio Solution File, Format Version 12.00
# Visual Studio 15
VisualStudioVersion = 15.0.27703.2042
MinimumVisualStudioVersion = 10.0.40219.1
Project("{9A19103F-16F7-4668-BE54-9A1E7A4F7556}") = "datingApp", "datingApp.csproj", "{DFA51654-568F-4A1C-B75F-9F4C085F756A}"
EndProject
Global
	GlobalSection(SolutionConfigurationPlatforms) = preSolution
		Debug|Any CPU = Debug|Any CPU
		Release|Any CPU = Release|Any CPU
	EndGlobalSection
	GlobalSection(ProjectConfigurationPlatforms) = postSolution
		{DFA51654-568F-4A1C-B75F-9F4C085F756A}.Debug|Any CPU.ActiveCfg = Debug|Any CPU
		{DFA51654-568F-4A1C-B75F-9F4C085F756A}.Debug|Any CPU.Build.0 = Debug|Any CPU
		{DFA51654-568F-4A1C-B75F-9F4C085F756A}.Release|Any CPU.ActiveCfg = Release|Any CPU
		{DFA51654-568F-4A1C-B75F-9F4C085F756A}.Release|Any CPU.Build.0 = Release|Any CPU
	EndGlobalSection
	GlobalSection(SolutionProperties) = preSolution
		HideSolutionNode = FALSE
	EndGlobalSection
	GlobalSection(ExtensibilityGlobals) = postSolution
		SolutionGuid = {FEAF6A22-98A2-469E-8991-3F3A81564B7F}
	EndGlobalSection
EndGlobal
